
Microsoft Visual Studio Solution File, Format Version 12.00
# Visual Studio Version 16
VisualStudioVersion = 16.0.30128.74
MinimumVisualStudioVersion = 10.0.40219.1
Project("{FAE04EC0-301F-11D3-BF4B-00C04F79EFBC}") = "BeefyBookClub", "BeefyBookClub\BeefyBookClub.csproj", "{7EDF2918-C13E-4ADC-B527-D471262F5F28}"
EndProject
Global
	GlobalSection(SolutionConfigurationPlatforms) = preSolution
		Debug|Any CPU = Debug|Any CPU
		Release|Any CPU = Release|Any CPU
	EndGlobalSection
	GlobalSection(ProjectConfigurationPlatforms) = postSolution
		{7EDF2918-C13E-4ADC-B527-D471262F5F28}.Debug|Any CPU.ActiveCfg = Debug|Any CPU
		{7EDF2918-C13E-4ADC-B527-D471262F5F28}.Debug|Any CPU.Build.0 = Debug|Any CPU
		{7EDF2918-C13E-4ADC-B527-D471262F5F28}.Release|Any CPU.ActiveCfg = Release|Any CPU
		{7EDF2918-C13E-4ADC-B527-D471262F5F28}.Release|Any CPU.Build.0 = Release|Any CPU
	EndGlobalSection
	GlobalSection(SolutionProperties) = preSolution
		HideSolutionNode = FALSE
	EndGlobalSection
	GlobalSection(ExtensibilityGlobals) = postSolution
		SolutionGuid = {F1CDBCE7-8B88-4922-BAFE-25D319AFF7AC}
	EndGlobalSection
EndGlobal
